// !$*UTF8*$!
{
	archiveVersion = 1;
	classes = {
	};
	objectVersion = 55;
	objects = {

/* Begin PBXBuildFile section */
		EBCA0854910B25AA990C1899 /* libPods-empty-ios.a in Frameworks */ = {isa = PBXBuildFile; fileRef = 9F258909D44C94BE21C80934 /* libPods-empty-ios.a */; };
/* End PBXBuildFile section */

/* Begin PBXFileReference section */
		9F258909D44C94BE21C80934 /* libPods-empty-ios.a */ = {isa = PBXFileReference; explicitFileType = archive.ar; includeInIndex = 0; path = "libPods-empty-ios.a"; sourceTree = BUILT_PRODUCTS_DIR; };
		C96AA7180EE32DB2C4C13408 /* Pods-empty-ios.release.xcconfig */ = {isa = PBXFileReference; includeInIndex = 1; lastKnownFileType = text.xcconfig; name = "Pods-empty-ios.release.xcconfig"; path = "Target Support Files/Pods-empty-ios/Pods-empty-ios.release.xcconfig"; sourceTree = "<group>"; };
/* End PBXFileReference section */

/* Begin PBXFrameworksBuildPhase section */
		80C945EF292242FC00A9744D /* Frameworks */ = {
			isa = PBXFrameworksBuildPhase;
			buildActionMask = 2147483647;
			files = (
				EBCA0854910B25AA990C1899 /* libPods-empty-ios.a in Frameworks */,
			);
			runOnlyForDeploymentPostprocessing = 0;
		};
/* End PBXFrameworksBuildPhase section */

/* Begin PBXGroup section */
		78A1422123E2FB9FEB91A6D9 /* Frameworks */ = {
			isa = PBXGroup;
			children = (
				9F258909D44C94BE21C80934 /* libPods-empty-ios.a */,
			);
			name = Frameworks;
			sourceTree = "<group>";
		};
		80C945E9292242FC00A9744D = {
			isa = PBXGroup;
			children = (
				80C945F4292242FC00A9744D /* empty-ios */,
				B899647EE46657253FF6A56B /* Pods */,
				78A1422123E2FB9FEB91A6D9 /* Frameworks */,
				BDF2EFBF7AF280159097610A /* Products */,
			);
			sourceTree = "<group>";
		};
		80C945F4292242FC00A9744D /* empty-ios */ = {
			isa = PBXGroup;
			children = (
			);
			path = empty-ios;
			sourceTree = "<group>";
		};
		B899647EE46657253FF6A56B /* Pods */ = {
			isa = PBXGroup;
			children = (
				C96AA7180EE32DB2C4C13408 /* Pods-empty-ios.release.xcconfig */,
			);
			name = Pods;
			path = Pods;
			sourceTree = "<group>";
		};
		BDF2EFBF7AF280159097610A /* Products */ = {
			isa = PBXGroup;
			children = (
			);
			name = Products;
			sourceTree = "<group>";
		};
/* End PBXGroup section */

/* Begin PBXNativeTarget section */
		80C945F1292242FC00A9744D /* empty-ios */ = {
			isa = PBXNativeTarget;
			buildConfigurationList = 80C9460B292242FD00A9744D /* Build configuration list for PBXNativeTarget "empty-ios" */;
			buildPhases = (
				18D6E5C8E9F902E8AC86EF38 /* [CP] Check Pods Manifest.lock */,
				80C945EE292242FC00A9744D /* Sources */,
				80C945EF292242FC00A9744D /* Frameworks */,
				80C945F0292242FC00A9744D /* Resources */,
			);
			buildRules = (
			);
			dependencies = (
			);
			name = empty-ios;
			productName = empty-ios;
			productType = "com.apple.product-type.application";
		};
/* End PBXNativeTarget section */

/* Begin PBXProject section */
		80C945EA292242FC00A9744D /* Project object */ = {
			isa = PBXProject;
			attributes = {
				BuildIndependentTargetsInParallel = 1;
				LastUpgradeCheck = 1410;
				TargetAttributes = {
					80C945F1292242FC00A9744D = {
						CreatedOnToolsVersion = 14.1;
					};
				};
			};
			buildConfigurationList = 80C945ED292242FC00A9744D /* Build configuration list for PBXProject "empty-ios" */;
			compatibilityVersion = "Xcode 13.0";
			developmentRegion = en;
			hasScannedForEncodings = 0;
			knownRegions = (
				en,
				Base,
			);
			mainGroup = 80C945E9292242FC00A9744D;
			productRefGroup = BDF2EFBF7AF280159097610A /* Products */;
			projectDirPath = "";
			projectRoot = "";
			targets = (
				80C945F1292242FC00A9744D /* empty-ios */,
			);
		};
/* End PBXProject section */

/* Begin PBXResourcesBuildPhase section */
		80C945F0292242FC00A9744D /* Resources */ = {
			isa = PBXResourcesBuildPhase;
			buildActionMask = 2147483647;
			files = (
			);
			runOnlyForDeploymentPostprocessing = 0;
		};
/* End PBXResourcesBuildPhase section */

/* Begin PBXShellScriptBuildPhase section */
		18D6E5C8E9F902E8AC86EF38 /* [CP] Check Pods Manifest.lock */ = {
			isa = PBXShellScriptBuildPhase;
			buildActionMask = 2147483647;
			files = (
			);
			inputFileListPaths = (
			);
			inputPaths = (
				"${PODS_PODFILE_DIR_PATH}/Podfile.lock",
				"${PODS_ROOT}/Manifest.lock",
			);
			name = "[CP] Check Pods Manifest.lock";
			outputFileListPaths = (
			);
			outputPaths = (
				"$(DERIVED_FILE_DIR)/Pods-empty-ios-checkManifestLockResult.txt",
			);
			runOnlyForDeploymentPostprocessing = 0;
			shellScript = "diff \"${PODS_PODFILE_DIR_PATH}/Podfile.lock\" \"${PODS_ROOT}/Manifest.lock\" > /dev/null\nif [ $? != 0 ] ; then\n    # print error to STDERR\n    echo \"error: The sandbox is not in sync with the Podfile.lock. Run 'pod install' or update your CocoaPods installation.\" >&2\n    exit 1\nfi\n# This output is used by Xcode 'outputs' to avoid re-running this script phase.\necho \"SUCCESS\" > \"${SCRIPT_OUTPUT_FILE_0}\"\n";
			showEnvVarsInLog = 0;
		};
/* End PBXShellScriptBuildPhase section */

/* Begin PBXSourcesBuildPhase section */
		80C945EE292242FC00A9744D /* Sources */ = {
			isa = PBXSourcesBuildPhase;
			buildActionMask = 2147483647;
			files = (
			);
			runOnlyForDeploymentPostprocessing = 0;
		};
/* End PBXSourcesBuildPhase section */

/* Begin XCBuildConfiguration section */
		80C9460A292242FD00A9744D /* Release */ = {
			isa = XCBuildConfiguration;
			buildSettings = {
				IPHONEOS_DEPLOYMENT_TARGET = 16.1;
				SDKROOT = iphoneos;
			};
			name = Release;
		};
/* End XCBuildConfiguration section */

/* Begin XCConfigurationList section */
		80C945ED292242FC00A9744D /* Build configuration list for PBXProject "empty-ios" */ = {
			isa = XCConfigurationList;
			buildConfigurations = (
				80C9460A292242FD00A9744D /* Release */,
			);
			defaultConfigurationIsVisible = 0;
			defaultConfigurationName = Release;
		};
		80C9460B292242FD00A9744D /* Build configuration list for PBXNativeTarget "empty-ios" */ = {
			isa = XCConfigurationList;
			buildConfigurations = (
			);
			defaultConfigurationIsVisible = 0;
			defaultConfigurationName = Release;
		};
/* End XCConfigurationList section */
	};
	rootObject = 80C945EA292242FC00A9744D /* Project object */;
}
